
Microsoft Visual Studio Solution File, Format Version 12.00
# Visual Studio Version 16
VisualStudioVersion = 16.0.31729.503
MinimumVisualStudioVersion = 10.0.40219.1
Project("{FAE04EC0-301F-11D3-BF4B-00C04F79EFBC}") = "SpringNetTest01", "SpringNetTest01.csproj", "{B23C8044-4385-493B-8333-34824AF4C820}"
EndProject
Global
	GlobalSection(SolutionConfigurationPlatforms) = preSolution
		Debug|Any CPU = Debug|Any CPU
		Release|Any CPU = Release|Any CPU
	EndGlobalSection
	GlobalSection(ProjectConfigurationPlatforms) = postSolution
		{B23C8044-4385-493B-8333-34824AF4C820}.Debug|Any CPU.ActiveCfg = Debug|Any CPU
		{B23C8044-4385-493B-8333-34824AF4C820}.Debug|Any CPU.Build.0 = Debug|Any CPU
		{B23C8044-4385-493B-8333-34824AF4C820}.Release|Any CPU.ActiveCfg = Release|Any CPU
		{B23C8044-4385-493B-8333-34824AF4C820}.Release|Any CPU.Build.0 = Release|Any CPU
	EndGlobalSection
	GlobalSection(SolutionProperties) = preSolution
		HideSolutionNode = FALSE
	EndGlobalSection
	GlobalSection(ExtensibilityGlobals) = postSolution
		SolutionGuid = {A4EAC1F4-6243-46F3-8857-942A2A1D248C}
	EndGlobalSection
EndGlobal
